<Solution>
  <Folder Name="/src/">
    <Project Path="src/HRMS.Api/HRMS.Api.csproj" />
    <Project Path="src/HRMS.Application/HRMS.Application.csproj" />
    <Project Path="src/HRMS.Domain/HRMS.Domain.csproj" />
    <Project Path="src/HRMS.Infrastructure/HRMS.Infrastructure.csproj" />
  </Folder>
  <Folder Name="/tests/">
    <Project Path="tests/HRMS.Application.Tests/HRMS.Application.Tests.csproj" />
  </Folder>
</Solution>
